// !$*UTF8*$!
{
	archiveVersion = 1;
	classes = {
	};
	objectVersion = 77;
	objects = {

/* Begin PBXBuildFile section */
        B20000000000000000000010 = {isa = PBXBuildFile; fileRef = B20000000000000000000001; settings = {ATTRIBUTES = (RemoveHeadersOnCopy,); }; };
        D40000000000000000000021 /* MarkdownUI in Frameworks */ = {isa = PBXBuildFile; productRef = D40000000000000000000011; };
        D40000000000000000000022 /* SwiftMath in Frameworks */ = {isa = PBXBuildFile; productRef = D40000000000000000000012; };
        D40000000000000000000023 /* Highlightr in Frameworks */ = {isa = PBXBuildFile; productRef = D40000000000000000000013; };
/* End PBXBuildFile section */
/* Begin PBXCopyFilesBuildPhase section */
        B20000000000000000000011 = {isa = PBXCopyFilesBuildPhase; buildActionMask = 2147483647; dstPath = ""; dstSubfolderSpec = 13; files = (B20000000000000000000010,); name = "Embed App Extensions"; runOnlyForDeploymentPostprocessing = 0; };
/* End PBXCopyFilesBuildPhase section */
/* Begin PBXFileReference section */
		A100000000000000000000AE /* TelarMobile.app */ = {isa = PBXFileReference; explicitFileType = wrapper.application; includeInIndex = 0; path = TelarMobile.app; sourceTree = BUILT_PRODUCTS_DIR; };
        B20000000000000000000001 = {isa = PBXFileReference; explicitFileType = "wrapper.app-extension"; path = TelarActivity.appex; sourceTree = BUILT_PRODUCTS_DIR; };
/* End PBXFileReference section */

/* Begin PBXFileSystemSynchronizedRootGroup section */
		A100000000000000000000AB /* TelarMobile */ = {
			isa = PBXFileSystemSynchronizedRootGroup;
			explicitFileTypes = {
			};
			explicitFolders = (
			);
			path = TelarMobile;
			sourceTree = "<group>";
		};
        B20000000000000000000002 = {isa = PBXFileSystemSynchronizedRootGroup; path = TelarActivity; sourceTree = "<group>"; };
        B20000000000000000000003 = {isa = PBXFileSystemSynchronizedRootGroup; path = Shared; sourceTree = "<group>"; };
/* End PBXFileSystemSynchronizedRootGroup section */

/* Begin PBXFrameworksBuildPhase section */
		A100000000000000000000B3 /* Frameworks */ = {
			isa = PBXFrameworksBuildPhase;
			buildActionMask = 2147483647;
			files = (
				D40000000000000000000021 /* MarkdownUI in Frameworks */,
				D40000000000000000000022 /* SwiftMath in Frameworks */,
				D40000000000000000000023 /* Highlightr in Frameworks */,
			);
			runOnlyForDeploymentPostprocessing = 0;
		};
/* End PBXFrameworksBuildPhase section */

/* Begin PBXGroup section */
		A100000000000000000000AA = {
			isa = PBXGroup;
			children = (
				A100000000000000000000AB /* TelarMobile */,
				B20000000000000000000002,
 B20000000000000000000003,
 A100000000000000000000AD /* Products */,
			);
			sourceTree = "<group>";
		};
		A100000000000000000000AD /* Products */ = {
			isa = PBXGroup;
			children = (
				A100000000000000000000AE /* TelarMobile.app */,
 B20000000000000000000001,
			);
			name = Products;
			sourceTree = "<group>";
		};
/* End PBXGroup section */

/* Begin PBXNativeTarget section */
		A100000000000000000000B0 /* TelarMobile */ = {
			isa = PBXNativeTarget;
			buildConfigurationList = A100000000000000000000D1 /* Build configuration list for PBXNativeTarget "TelarMobile" */;
			buildPhases = (
				A100000000000000000000B2 /* Sources */,
				A100000000000000000000B3 /* Frameworks */,
				A100000000000000000000B4 /* Resources */,
 B20000000000000000000011,
			);
			buildRules = (
			);
			dependencies = (B20000000000000000000007,
			);
			fileSystemSynchronizedGroups = (
				A100000000000000000000AB /* TelarMobile */,
 B20000000000000000000003,
			);
			name = TelarMobile;
			packageProductDependencies = (
				D40000000000000000000011 /* MarkdownUI */,
				D40000000000000000000012 /* SwiftMath */,
				D40000000000000000000013 /* Highlightr */,
			);
			productName = TelarMobile;
			productReference = A100000000000000000000AE /* TelarMobile.app */;
			productType = "com.apple.product-type.application";
		};
        B20000000000000000000004 = {isa = PBXNativeTarget; buildConfigurationList = B20000000000000000000005; buildPhases = (B20000000000000000000006, B20000000000000000000012,); buildRules = (); dependencies = (); fileSystemSynchronizedGroups = (B20000000000000000000002, B20000000000000000000003,); name = TelarActivity; productName = TelarActivity; productReference = B20000000000000000000001; productType = "com.apple.product-type.app-extension"; };
/* End PBXNativeTarget section */

/* Begin PBXProject section */
		A100000000000000000000C0 /* Project object */ = {
			isa = PBXProject;
			attributes = {
				BuildIndependentTargetsInParallel = 1;
				LastUpgradeCheck = 2600;
				TargetAttributes = {
                    A100000000000000000000B0 = {
                        SystemCapabilities = { com.apple.Push = { enabled = 1; }; };
                    };
				};
			};
			buildConfigurationList = A100000000000000000000D0 /* Build configuration list for PBXProject "TelarMobile" */;
			developmentRegion = en;
			hasScannedForEncodings = 0;
			knownRegions = (
				en,
				Base,
			);
			mainGroup = A100000000000000000000AA;
			packageReferences = (
				D40000000000000000000001 /* XCRemoteSwiftPackageReference "swift-markdown-ui" */,
				D40000000000000000000002 /* XCRemoteSwiftPackageReference "SwiftMath" */,
				D40000000000000000000003 /* XCRemoteSwiftPackageReference "Highlightr" */,
			);
			minimizedProjectReferenceProxies = 1;
			preferredProjectObjectVersion = 77;
			productRefGroup = A100000000000000000000AD /* Products */;
			projectDirPath = "";
			projectRoot = "";
			targets = (
 B20000000000000000000004,
				A100000000000000000000B0 /* TelarMobile */,
			);
		};
/* End PBXProject section */

/* Begin PBXResourcesBuildPhase section */
		A100000000000000000000B4 /* Resources */ = {
			isa = PBXResourcesBuildPhase;
			buildActionMask = 2147483647;
			files = (
			);
			runOnlyForDeploymentPostprocessing = 0;
		};
        B20000000000000000000012 = {isa = PBXResourcesBuildPhase; buildActionMask = 2147483647; files = (); runOnlyForDeploymentPostprocessing = 0; };
/* End PBXResourcesBuildPhase section */

/* Begin PBXSourcesBuildPhase section */
		A100000000000000000000B2 /* Sources */ = {
			isa = PBXSourcesBuildPhase;
			buildActionMask = 2147483647;
			files = (
			);
			runOnlyForDeploymentPostprocessing = 0;
		};
        B20000000000000000000006 = {isa = PBXSourcesBuildPhase; buildActionMask = 2147483647; files = (); runOnlyForDeploymentPostprocessing = 0; };
/* End PBXSourcesBuildPhase section */

/* Begin PBXTargetDependency section */
        B20000000000000000000007 = {isa = PBXTargetDependency; target = B20000000000000000000004; };
/* End PBXTargetDependency section */

/* Begin XCRemoteSwiftPackageReference section */
        D40000000000000000000001 /* XCRemoteSwiftPackageReference "swift-markdown-ui" */ = {isa = XCRemoteSwiftPackageReference; repositoryURL = "https://github.com/gonzalezreal/swift-markdown-ui"; requirement = {kind = upToNextMajorVersion; minimumVersion = 2.4.1; }; };
        D40000000000000000000002 /* XCRemoteSwiftPackageReference "SwiftMath" */ = {isa = XCRemoteSwiftPackageReference; repositoryURL = "https://github.com/mgriebling/SwiftMath"; requirement = {kind = upToNextMajorVersion; minimumVersion = 1.7.3; }; };
        D40000000000000000000003 /* XCRemoteSwiftPackageReference "Highlightr" */ = {isa = XCRemoteSwiftPackageReference; repositoryURL = "https://github.com/raspu/Highlightr"; requirement = {kind = upToNextMajorVersion; minimumVersion = 2.3.0; }; };
/* End XCRemoteSwiftPackageReference section */

/* Begin XCSwiftPackageProductDependency section */
        D40000000000000000000011 /* MarkdownUI */ = {isa = XCSwiftPackageProductDependency; package = D40000000000000000000001; productName = MarkdownUI; };
        D40000000000000000000012 /* SwiftMath */ = {isa = XCSwiftPackageProductDependency; package = D40000000000000000000002; productName = SwiftMath; };
        D40000000000000000000013 /* Highlightr */ = {isa = XCSwiftPackageProductDependency; package = D40000000000000000000003; productName = Highlightr; };
/* End XCSwiftPackageProductDependency section */

/* Begin XCBuildConfiguration section */
		A100000000000000000000C1 /* Debug */ = {
			isa = XCBuildConfiguration;
			buildSettings = {
				ALWAYS_SEARCH_USER_PATHS = NO;
				CLANG_ENABLE_MODULES = YES;
				CLANG_ENABLE_OBJC_ARC = YES;
				COPY_PHASE_STRIP = NO;
				DEBUG_INFORMATION_FORMAT = dwarf;
				ENABLE_STRICT_OBJC_MSGSEND = YES;
				ENABLE_TESTABILITY = YES;
				ENABLE_USER_SCRIPT_SANDBOXING = YES;
				GCC_DYNAMIC_NO_PIC = NO;
				GCC_NO_COMMON_BLOCKS = YES;
				GCC_OPTIMIZATION_LEVEL = 0;
				GCC_PREPROCESSOR_DEFINITIONS = (
					"DEBUG=1",
					"$(inherited)",
				);
				IPHONEOS_DEPLOYMENT_TARGET = 18.0;
				LOCALIZATION_PREFERS_STRING_CATALOGS = YES;
				MTL_ENABLE_DEBUG_INFO = INCLUDE_SOURCE;
				MTL_FAST_MATH = YES;
				ONLY_ACTIVE_ARCH = YES;
				SDKROOT = iphoneos;
				SWIFT_ACTIVE_COMPILATION_CONDITIONS = "DEBUG $(inherited)";
				SWIFT_OPTIMIZATION_LEVEL = "-Onone";
				SWIFT_VERSION = 5.0;
			};
			name = Debug;
		};
		A100000000000000000000C2 /* Release */ = {
			isa = XCBuildConfiguration;
			buildSettings = {
				ALWAYS_SEARCH_USER_PATHS = NO;
				CLANG_ENABLE_MODULES = YES;
				CLANG_ENABLE_OBJC_ARC = YES;
				COPY_PHASE_STRIP = NO;
				DEBUG_INFORMATION_FORMAT = "dwarf-with-dsym";
				ENABLE_NS_ASSERTIONS = NO;
				ENABLE_STRICT_OBJC_MSGSEND = YES;
				ENABLE_USER_SCRIPT_SANDBOXING = YES;
				GCC_NO_COMMON_BLOCKS = YES;
				IPHONEOS_DEPLOYMENT_TARGET = 18.0;
				LOCALIZATION_PREFERS_STRING_CATALOGS = YES;
				MTL_ENABLE_DEBUG_INFO = NO;
				MTL_FAST_MATH = YES;
				SDKROOT = iphoneos;
				SWIFT_COMPILATION_MODE = wholemodule;
				SWIFT_OPTIMIZATION_LEVEL = "-O";
				SWIFT_VERSION = 5.0;
				VALIDATE_PRODUCT = YES;
			};
			name = Release;
		};
		A100000000000000000000C3 /* Debug */ = {
			isa = XCBuildConfiguration;
			buildSettings = {
				ASSETCATALOG_COMPILER_APPICON_NAME = "$(TELAR_APP_ICON)";
				TELAR_APP_ICON = AppIcon;
				CODE_SIGN_STYLE = Automatic;
				CURRENT_PROJECT_VERSION = 1;
				ENABLE_PREVIEWS = YES;
				GENERATE_INFOPLIST_FILE = YES;
				INFOPLIST_FILE = Config/Info.plist;
 CODE_SIGN_ENTITLEMENTS = Config/TelarMobile.entitlements;
 APS_ENVIRONMENT = development;
				INFOPLIST_KEY_CFBundleDisplayName = Telar;
				INFOPLIST_KEY_UIApplicationSceneManifest_Generation = YES;
				INFOPLIST_KEY_UIApplicationSupportsIndirectInputEvents = YES;
				INFOPLIST_KEY_UILaunchScreen_Generation = YES;
				INFOPLIST_KEY_UISupportedInterfaceOrientations_iPhone = "UIInterfaceOrientationPortrait UIInterfaceOrientationLandscapeLeft UIInterfaceOrientationLandscapeRight";
                INFOPLIST_KEY_UISupportedInterfaceOrientations_iPad = "UIInterfaceOrientationPortrait UIInterfaceOrientationPortraitUpsideDown UIInterfaceOrientationLandscapeLeft UIInterfaceOrientationLandscapeRight";
				LD_RUNPATH_SEARCH_PATHS = (
					"$(inherited)",
					"@executable_path/Frameworks",
				);
				MARKETING_VERSION = 0.1.0;
				PRODUCT_BUNDLE_IDENTIFIER = "$(TELAR_APP_BUNDLE_ID)";
 TELAR_APP_BUNDLE_ID = io.github.novarix.telar;
				PRODUCT_NAME = "$(TARGET_NAME)";
				SWIFT_EMIT_LOC_STRINGS = YES;
				TARGETED_DEVICE_FAMILY = "1,2";
			};
			name = Debug;
		};
		A100000000000000000000C4 /* Release */ = {
			isa = XCBuildConfiguration;
			buildSettings = {
				ASSETCATALOG_COMPILER_APPICON_NAME = "$(TELAR_APP_ICON)";
				TELAR_APP_ICON = AppIcon;
				CODE_SIGN_STYLE = Automatic;
				CURRENT_PROJECT_VERSION = 1;
				ENABLE_PREVIEWS = YES;
				GENERATE_INFOPLIST_FILE = YES;
				INFOPLIST_FILE = Config/Info.plist;
 CODE_SIGN_ENTITLEMENTS = Config/TelarMobile.entitlements;
 APS_ENVIRONMENT = production;
				INFOPLIST_KEY_CFBundleDisplayName = Telar;
				INFOPLIST_KEY_UIApplicationSceneManifest_Generation = YES;
				INFOPLIST_KEY_UIApplicationSupportsIndirectInputEvents = YES;
				INFOPLIST_KEY_UILaunchScreen_Generation = YES;
				INFOPLIST_KEY_UISupportedInterfaceOrientations_iPhone = "UIInterfaceOrientationPortrait UIInterfaceOrientationLandscapeLeft UIInterfaceOrientationLandscapeRight";
                INFOPLIST_KEY_UISupportedInterfaceOrientations_iPad = "UIInterfaceOrientationPortrait UIInterfaceOrientationPortraitUpsideDown UIInterfaceOrientationLandscapeLeft UIInterfaceOrientationLandscapeRight";
				LD_RUNPATH_SEARCH_PATHS = (
					"$(inherited)",
					"@executable_path/Frameworks",
				);
				MARKETING_VERSION = 0.1.0;
				PRODUCT_BUNDLE_IDENTIFIER = "$(TELAR_APP_BUNDLE_ID)";
 TELAR_APP_BUNDLE_ID = io.github.novarix.telar;
				PRODUCT_NAME = "$(TARGET_NAME)";
				SWIFT_EMIT_LOC_STRINGS = YES;
				TARGETED_DEVICE_FAMILY = "1,2";
			};
			name = Release;
		};
        B20000000000000000000008 = {isa = XCBuildConfiguration; buildSettings = {CODE_SIGN_STYLE = Automatic; GENERATE_INFOPLIST_FILE = YES; INFOPLIST_KEY_NSExtension_NSExtensionPointIdentifier = "com.apple.widgetkit-extension"; INFOPLIST_FILE = Config/ActivityInfo.plist; CURRENT_PROJECT_VERSION = 1; MARKETING_VERSION = 0.1.0; PRODUCT_BUNDLE_IDENTIFIER = "$(TELAR_APP_BUNDLE_ID).activity"; TELAR_APP_BUNDLE_ID = io.github.novarix.telar; PRODUCT_NAME = "$(TARGET_NAME)"; SKIP_INSTALL = YES; APPLICATION_EXTENSION_API_ONLY = YES; TARGETED_DEVICE_FAMILY = "1,2"; SWIFT_VERSION = 5.0; LD_RUNPATH_SEARCH_PATHS = ("$(inherited)", "@executable_path/Frameworks", "@executable_path/../../Frameworks",); }; name = Debug; };
        B20000000000000000000009 = {isa = XCBuildConfiguration; buildSettings = {CODE_SIGN_STYLE = Automatic; GENERATE_INFOPLIST_FILE = YES; INFOPLIST_KEY_NSExtension_NSExtensionPointIdentifier = "com.apple.widgetkit-extension"; INFOPLIST_FILE = Config/ActivityInfo.plist; CURRENT_PROJECT_VERSION = 1; MARKETING_VERSION = 0.1.0; PRODUCT_BUNDLE_IDENTIFIER = "$(TELAR_APP_BUNDLE_ID).activity"; TELAR_APP_BUNDLE_ID = io.github.novarix.telar; PRODUCT_NAME = "$(TARGET_NAME)"; SKIP_INSTALL = YES; APPLICATION_EXTENSION_API_ONLY = YES; TARGETED_DEVICE_FAMILY = "1,2"; SWIFT_VERSION = 5.0; LD_RUNPATH_SEARCH_PATHS = ("$(inherited)", "@executable_path/Frameworks", "@executable_path/../../Frameworks",); }; name = Release; };
/* End XCBuildConfiguration section */

/* Begin XCConfigurationList section */
		A100000000000000000000D0 /* Build configuration list for PBXProject "TelarMobile" */ = {
			isa = XCConfigurationList;
			buildConfigurations = (
				A100000000000000000000C1 /* Debug */,
				A100000000000000000000C2 /* Release */,
			);
			defaultConfigurationIsVisible = 0;
			defaultConfigurationName = Release;
		};
		A100000000000000000000D1 /* Build configuration list for PBXNativeTarget "TelarMobile" */ = {
			isa = XCConfigurationList;
			buildConfigurations = (
				A100000000000000000000C3 /* Debug */,
				A100000000000000000000C4 /* Release */,
			);
			defaultConfigurationIsVisible = 0;
			defaultConfigurationName = Release;
		};
        B20000000000000000000005 = {isa = XCConfigurationList; buildConfigurations = (B20000000000000000000008, B20000000000000000000009,); defaultConfigurationIsVisible = 0; defaultConfigurationName = Release; };
/* End XCConfigurationList section */
	};
	rootObject = A100000000000000000000C0 /* Project object */;
}
